
Microsoft Visual Studio Solution File, Format Version 12.00
# Visual Studio Version 17
VisualStudioVersion = 17.1.32210.238
MinimumVisualStudioVersion = 10.0.40219.1
Project("{FAE04EC0-301F-11D3-BF4B-00C04F79EFBC}") = "NDEFReadWriteTool", "NDEFReadWriteTool.csproj", "{70A0597B-E2D5-43FC-BCA4-789A6AA839BA}"
EndProject
Global
	GlobalSection(SolutionConfigurationPlatforms) = preSolution
		Debug|Any CPU = Debug|Any CPU
		Release|Any CPU = Release|Any CPU
	EndGlobalSection
	GlobalSection(ProjectConfigurationPlatforms) = postSolution
		{70A0597B-E2D5-43FC-BCA4-789A6AA839BA}.Debug|Any CPU.ActiveCfg = Debug|Any CPU
		{70A0597B-E2D5-43FC-BCA4-789A6AA839BA}.Debug|Any CPU.Build.0 = Debug|Any CPU
		{70A0597B-E2D5-43FC-BCA4-789A6AA839BA}.Release|Any CPU.ActiveCfg = Release|Any CPU
		{70A0597B-E2D5-43FC-BCA4-789A6AA839BA}.Release|Any CPU.Build.0 = Release|Any CPU
	EndGlobalSection
	GlobalSection(SolutionProperties) = preSolution
		HideSolutionNode = FALSE
	EndGlobalSection
	GlobalSection(ExtensibilityGlobals) = postSolution
		SolutionGuid = {AE45EF0B-5813-4BDE-9C58-CF5A769A0A5F}
	EndGlobalSection
EndGlobal
